
Microsoft Visual Studio Solution File, Format Version 12.00
# Visual Studio Version 17
VisualStudioVersion = 17.2.32602.215
MinimumVisualStudioVersion = 10.0.40219.1
Project("{FAE04EC0-301F-11D3-BF4B-00C04F79EFBC}") = "PDV-Generico", "PDV-Generico.csproj", "{6A6403D5-C091-4352-AF1C-7B184692A3CC}"
EndProject
Global
	GlobalSection(SolutionConfigurationPlatforms) = preSolution
		Debug|Any CPU = Debug|Any CPU
		Release|Any CPU = Release|Any CPU
	EndGlobalSection
	GlobalSection(ProjectConfigurationPlatforms) = postSolution
		{6A6403D5-C091-4352-AF1C-7B184692A3CC}.Debug|Any CPU.ActiveCfg = Debug|Any CPU
		{6A6403D5-C091-4352-AF1C-7B184692A3CC}.Debug|Any CPU.Build.0 = Debug|Any CPU
		{6A6403D5-C091-4352-AF1C-7B184692A3CC}.Release|Any CPU.ActiveCfg = Release|Any CPU
		{6A6403D5-C091-4352-AF1C-7B184692A3CC}.Release|Any CPU.Build.0 = Release|Any CPU
	EndGlobalSection
	GlobalSection(SolutionProperties) = preSolution
		HideSolutionNode = FALSE
	EndGlobalSection
	GlobalSection(ExtensibilityGlobals) = postSolution
		SolutionGuid = {EB9CEB84-A16C-4A1D-8995-3277016A2463}
	EndGlobalSection
EndGlobal
